
Microsoft Visual Studio Solution File, Format Version 12.00
# Visual Studio Version 17
VisualStudioVersion = 17.3.32811.315
MinimumVisualStudioVersion = 10.0.40219.1
Project("{8BC9CEB8-8B4A-11D0-8D11-00A0C91BC942}") = "Final este se entrega", "Final este se entrega.vcxproj", "{B05C5CBC-06E6-4BF4-96A6-1651D88970A9}"
EndProject
Global
	GlobalSection(SolutionConfigurationPlatforms) = preSolution
		Debug|x64 = Debug|x64
		Debug|x86 = Debug|x86
		Release|x64 = Release|x64
		Release|x86 = Release|x86
	EndGlobalSection
	GlobalSection(ProjectConfigurationPlatforms) = postSolution
		{B05C5CBC-06E6-4BF4-96A6-1651D88970A9}.Debug|x64.ActiveCfg = Debug|x64
		{B05C5CBC-06E6-4BF4-96A6-1651D88970A9}.Debug|x64.Build.0 = Debug|x64
		{B05C5CBC-06E6-4BF4-96A6-1651D88970A9}.Debug|x86.ActiveCfg = Debug|Win32
		{B05C5CBC-06E6-4BF4-96A6-1651D88970A9}.Debug|x86.Build.0 = Debug|Win32
		{B05C5CBC-06E6-4BF4-96A6-1651D88970A9}.Release|x64.ActiveCfg = Release|x64
		{B05C5CBC-06E6-4BF4-96A6-1651D88970A9}.Release|x64.Build.0 = Release|x64
		{B05C5CBC-06E6-4BF4-96A6-1651D88970A9}.Release|x86.ActiveCfg = Release|Win32
		{B05C5CBC-06E6-4BF4-96A6-1651D88970A9}.Release|x86.Build.0 = Release|Win32
	EndGlobalSection
	GlobalSection(SolutionProperties) = preSolution
		HideSolutionNode = FALSE
	EndGlobalSection
	GlobalSection(ExtensibilityGlobals) = postSolution
		SolutionGuid = {1BF1BFEE-33EB-4330-B660-490C224BCFE0}
	EndGlobalSection
EndGlobal
